
Microsoft Visual Studio Solution File, Format Version 12.00
# Visual Studio Version 16
VisualStudioVersion = 16.0.31702.278
MinimumVisualStudioVersion = 10.0.40219.1
Project("{FAE04EC0-301F-11D3-BF4B-00C04F79EFBC}") = "Emppart UC3", "Emppart UC3\Emppart UC3.csproj", "{83F8C4FA-EF09-4AFE-B58B-493370C18ECE}"
EndProject
Project("{FAE04EC0-301F-11D3-BF4B-00C04F79EFBC}") = "UC 3", "UC 3\UC 3.csproj", "{E32D78BC-82E1-4BB4-8078-0F49DEC8CC55}"
EndProject
Global
	GlobalSection(SolutionConfigurationPlatforms) = preSolution
		Debug|Any CPU = Debug|Any CPU
		Release|Any CPU = Release|Any CPU
	EndGlobalSection
	GlobalSection(ProjectConfigurationPlatforms) = postSolution
		{83F8C4FA-EF09-4AFE-B58B-493370C18ECE}.Debug|Any CPU.ActiveCfg = Debug|Any CPU
		{83F8C4FA-EF09-4AFE-B58B-493370C18ECE}.Debug|Any CPU.Build.0 = Debug|Any CPU
		{83F8C4FA-EF09-4AFE-B58B-493370C18ECE}.Release|Any CPU.ActiveCfg = Release|Any CPU
		{83F8C4FA-EF09-4AFE-B58B-493370C18ECE}.Release|Any CPU.Build.0 = Release|Any CPU
		{E32D78BC-82E1-4BB4-8078-0F49DEC8CC55}.Debug|Any CPU.ActiveCfg = Debug|Any CPU
		{E32D78BC-82E1-4BB4-8078-0F49DEC8CC55}.Debug|Any CPU.Build.0 = Debug|Any CPU
		{E32D78BC-82E1-4BB4-8078-0F49DEC8CC55}.Release|Any CPU.ActiveCfg = Release|Any CPU
		{E32D78BC-82E1-4BB4-8078-0F49DEC8CC55}.Release|Any CPU.Build.0 = Release|Any CPU
	EndGlobalSection
	GlobalSection(SolutionProperties) = preSolution
		HideSolutionNode = FALSE
	EndGlobalSection
	GlobalSection(ExtensibilityGlobals) = postSolution
		SolutionGuid = {3F4723B1-3DB5-4A20-A2F0-C689C32F7586}
	EndGlobalSection
EndGlobal
